
Microsoft Visual Studio Solution File, Format Version 12.00
# Visual Studio Version 17
VisualStudioVersion = 17.5.002.0
MinimumVisualStudioVersion = 10.0.40219.1
Project("{9A19103F-16F7-4668-BE54-9A1E7A4F7556}") = "ContentViewTemplateExampleApp", "ContentViewTemplateExampleApp\ContentViewTemplateExampleApp.csproj", "{0D72883D-224D-475B-B3A0-4B2944E775A5}"
EndProject
Global
	GlobalSection(SolutionConfigurationPlatforms) = preSolution
		Debug|Any CPU = Debug|Any CPU
		Release|Any CPU = Release|Any CPU
	EndGlobalSection
	GlobalSection(ProjectConfigurationPlatforms) = postSolution
		{0D72883D-224D-475B-B3A0-4B2944E775A5}.Debug|Any CPU.ActiveCfg = Debug|Any CPU
		{0D72883D-224D-475B-B3A0-4B2944E775A5}.Debug|Any CPU.Build.0 = Debug|Any CPU
		{0D72883D-224D-475B-B3A0-4B2944E775A5}.Release|Any CPU.ActiveCfg = Release|Any CPU
		{0D72883D-224D-475B-B3A0-4B2944E775A5}.Release|Any CPU.Build.0 = Release|Any CPU
	EndGlobalSection
	GlobalSection(SolutionProperties) = preSolution
		HideSolutionNode = FALSE
	EndGlobalSection
	GlobalSection(ExtensibilityGlobals) = postSolution
		SolutionGuid = {BED8288C-9796-4FE5-A6CE-8D2C6E75A393}
	EndGlobalSection
EndGlobal
